
Microsoft Visual Studio Solution File, Format Version 12.00
# Visual Studio Version 17
VisualStudioVersion = 17.12.35707.178 d17.12
MinimumVisualStudioVersion = 10.0.40219.1
Project("{FAE04EC0-301F-11D3-BF4B-00C04F79EFBC}") = "fnPostDataStorage", "fnPostDataStorage\fnPostDataStorage.csproj", "{C546826F-775B-4B7C-A491-27D79A9561AC}"
EndProject
Project("{FAE04EC0-301F-11D3-BF4B-00C04F79EFBC}") = "fnPostDataBase", "fnPostDataBase\fnPostDataBase.csproj", "{E6980D94-2440-49D3-BBD1-F065328ED5DF}"
EndProject
Project("{FAE04EC0-301F-11D3-BF4B-00C04F79EFBC}") = "fnGetMovieDetail", "fnGetMovieDetail\fnGetMovieDetail.csproj", "{97527506-70F7-404B-83AF-A8F7E72ACDAA}"
EndProject
Project("{FAE04EC0-301F-11D3-BF4B-00C04F79EFBC}") = "fnGetAllMovies", "fnGetAllMovies\fnGetAllMovies.csproj", "{5F702282-CB03-4ABE-9C0F-E13AFE41371F}"
EndProject
Global
	GlobalSection(SolutionConfigurationPlatforms) = preSolution
		Debug|Any CPU = Debug|Any CPU
		Release|Any CPU = Release|Any CPU
	EndGlobalSection
	GlobalSection(ProjectConfigurationPlatforms) = postSolution
		{C546826F-775B-4B7C-A491-27D79A9561AC}.Debug|Any CPU.ActiveCfg = Debug|Any CPU
		{C546826F-775B-4B7C-A491-27D79A9561AC}.Debug|Any CPU.Build.0 = Debug|Any CPU
		{C546826F-775B-4B7C-A491-27D79A9561AC}.Release|Any CPU.ActiveCfg = Release|Any CPU
		{C546826F-775B-4B7C-A491-27D79A9561AC}.Release|Any CPU.Build.0 = Release|Any CPU
		{E6980D94-2440-49D3-BBD1-F065328ED5DF}.Debug|Any CPU.ActiveCfg = Debug|Any CPU
		{E6980D94-2440-49D3-BBD1-F065328ED5DF}.Debug|Any CPU.Build.0 = Debug|Any CPU
		{E6980D94-2440-49D3-BBD1-F065328ED5DF}.Release|Any CPU.ActiveCfg = Release|Any CPU
		{E6980D94-2440-49D3-BBD1-F065328ED5DF}.Release|Any CPU.Build.0 = Release|Any CPU
		{97527506-70F7-404B-83AF-A8F7E72ACDAA}.Debug|Any CPU.ActiveCfg = Debug|Any CPU
		{97527506-70F7-404B-83AF-A8F7E72ACDAA}.Debug|Any CPU.Build.0 = Debug|Any CPU
		{97527506-70F7-404B-83AF-A8F7E72ACDAA}.Release|Any CPU.ActiveCfg = Release|Any CPU
		{97527506-70F7-404B-83AF-A8F7E72ACDAA}.Release|Any CPU.Build.0 = Release|Any CPU
		{5F702282-CB03-4ABE-9C0F-E13AFE41371F}.Debug|Any CPU.ActiveCfg = Debug|Any CPU
		{5F702282-CB03-4ABE-9C0F-E13AFE41371F}.Debug|Any CPU.Build.0 = Debug|Any CPU
		{5F702282-CB03-4ABE-9C0F-E13AFE41371F}.Release|Any CPU.ActiveCfg = Release|Any CPU
		{5F702282-CB03-4ABE-9C0F-E13AFE41371F}.Release|Any CPU.Build.0 = Release|Any CPU
	EndGlobalSection
	GlobalSection(SolutionProperties) = preSolution
		HideSolutionNode = FALSE
	EndGlobalSection
EndGlobal
